// !$*UTF8*$!
{
	archiveVersion = 1;
	classes = {
	};
	objectVersion = 56;
	objects = {

/* Begin PBXBuildFile section */
		C6BEF0432B45DD6900E7FAC8 /* StefaniniApp.swift in Sources */ = {isa = PBXBuildFile; fileRef = C6BEF0422B45DD6900E7FAC8 /* StefaniniApp.swift */; };
		C6BEF0452B45DD6900E7FAC8 /* GithubUsersListView.swift in Sources */ = {isa = PBXBuildFile; fileRef = C6BEF0442B45DD6900E7FAC8 /* GithubUsersListView.swift */; };
		C6BEF0472B45DD7200E7FAC8 /* Assets.xcassets in Resources */ = {isa = PBXBuildFile; fileRef = C6BEF0462B45DD7200E7FAC8 /* Assets.xcassets */; };
		C6BEF04A2B45DD7200E7FAC8 /* Preview Assets.xcassets in Resources */ = {isa = PBXBuildFile; fileRef = C6BEF0492B45DD7200E7FAC8 /* Preview Assets.xcassets */; };
		C6BEF0512B45DD9D00E7FAC8 /* SumOfEvenNumbers.swift in Sources */ = {isa = PBXBuildFile; fileRef = C6BEF0502B45DD9D00E7FAC8 /* SumOfEvenNumbers.swift */; };
		C6BEF05B2B45DED900E7FAC8 /* StefaniniTests.swift in Sources */ = {isa = PBXBuildFile; fileRef = C6BEF05A2B45DED900E7FAC8 /* StefaniniTests.swift */; };
		C6BEF0642B45E84500E7FAC8 /* User.swift in Sources */ = {isa = PBXBuildFile; fileRef = C6BEF0632B45E84500E7FAC8 /* User.swift */; };
		C6BEF0692B45E8AB00E7FAC8 /* WebService.swift in Sources */ = {isa = PBXBuildFile; fileRef = C6BEF0682B45E8AB00E7FAC8 /* WebService.swift */; };
		C6BEF06D2B45EAC200E7FAC8 /* ErrorCases.swift in Sources */ = {isa = PBXBuildFile; fileRef = C6BEF06C2B45EAC200E7FAC8 /* ErrorCases.swift */; };
		C6BEF06F2B45EB4E00E7FAC8 /* UsersListViewModel.swift in Sources */ = {isa = PBXBuildFile; fileRef = C6BEF06E2B45EB4E00E7FAC8 /* UsersListViewModel.swift */; };
		C6BEF0712B45EBD900E7FAC8 /* LoaderView.swift in Sources */ = {isa = PBXBuildFile; fileRef = C6BEF0702B45EBD900E7FAC8 /* LoaderView.swift */; };
/* End PBXBuildFile section */

/* Begin PBXContainerItemProxy section */
		C6BEF05C2B45DED900E7FAC8 /* PBXContainerItemProxy */ = {
			isa = PBXContainerItemProxy;
			containerPortal = C6BEF0372B45DD6900E7FAC8 /* Project object */;
			proxyType = 1;
			remoteGlobalIDString = C6BEF03E2B45DD6900E7FAC8;
			remoteInfo = Stefanini;
		};
/* End PBXContainerItemProxy section */

/* Begin PBXFileReference section */
		C6BEF03F2B45DD6900E7FAC8 /* Stefanini.app */ = {isa = PBXFileReference; explicitFileType = wrapper.application; includeInIndex = 0; path = Stefanini.app; sourceTree = BUILT_PRODUCTS_DIR; };
		C6BEF0422B45DD6900E7FAC8 /* StefaniniApp.swift */ = {isa = PBXFileReference; lastKnownFileType = sourcecode.swift; path = StefaniniApp.swift; sourceTree = "<group>"; };
		C6BEF0442B45DD6900E7FAC8 /* GithubUsersListView.swift */ = {isa = PBXFileReference; lastKnownFileType = sourcecode.swift; path = GithubUsersListView.swift; sourceTree = "<group>"; };
		C6BEF0462B45DD7200E7FAC8 /* Assets.xcassets */ = {isa = PBXFileReference; lastKnownFileType = folder.assetcatalog; path = Assets.xcassets; sourceTree = "<group>"; };
		C6BEF0492B45DD7200E7FAC8 /* Preview Assets.xcassets */ = {isa = PBXFileReference; lastKnownFileType = folder.assetcatalog; path = "Preview Assets.xcassets"; sourceTree = "<group>"; };
		C6BEF0502B45DD9D00E7FAC8 /* SumOfEvenNumbers.swift */ = {isa = PBXFileReference; lastKnownFileType = sourcecode.swift; path = SumOfEvenNumbers.swift; sourceTree = "<group>"; };
		C6BEF0582B45DED900E7FAC8 /* StefaniniTests.xctest */ = {isa = PBXFileReference; explicitFileType = wrapper.cfbundle; includeInIndex = 0; path = StefaniniTests.xctest; sourceTree = BUILT_PRODUCTS_DIR; };
		C6BEF05A2B45DED900E7FAC8 /* StefaniniTests.swift */ = {isa = PBXFileReference; lastKnownFileType = sourcecode.swift; path = StefaniniTests.swift; sourceTree = "<group>"; };
		C6BEF0632B45E84500E7FAC8 /* User.swift */ = {isa = PBXFileReference; lastKnownFileType = sourcecode.swift; path = User.swift; sourceTree = "<group>"; };
		C6BEF0682B45E8AB00E7FAC8 /* WebService.swift */ = {isa = PBXFileReference; lastKnownFileType = sourcecode.swift; path = WebService.swift; sourceTree = "<group>"; };
		C6BEF06C2B45EAC200E7FAC8 /* ErrorCases.swift */ = {isa = PBXFileReference; lastKnownFileType = sourcecode.swift; path = ErrorCases.swift; sourceTree = "<group>"; };
		C6BEF06E2B45EB4E00E7FAC8 /* UsersListViewModel.swift */ = {isa = PBXFileReference; lastKnownFileType = sourcecode.swift; path = UsersListViewModel.swift; sourceTree = "<group>"; };
		C6BEF0702B45EBD900E7FAC8 /* LoaderView.swift */ = {isa = PBXFileReference; lastKnownFileType = sourcecode.swift; path = LoaderView.swift; sourceTree = "<group>"; };
/* End PBXFileReference section */

/* Begin PBXFrameworksBuildPhase section */
		C6BEF03C2B45DD6900E7FAC8 /* Frameworks */ = {
			isa = PBXFrameworksBuildPhase;
			buildActionMask = 2147483647;
			files = (
			);
			runOnlyForDeploymentPostprocessing = 0;
		};
		C6BEF0552B45DED900E7FAC8 /* Frameworks */ = {
			isa = PBXFrameworksBuildPhase;
			buildActionMask = 2147483647;
			files = (
			);
			runOnlyForDeploymentPostprocessing = 0;
		};
/* End PBXFrameworksBuildPhase section */

/* Begin PBXGroup section */
		C6BEF0362B45DD6900E7FAC8 = {
			isa = PBXGroup;
			children = (
				C6BEF0412B45DD6900E7FAC8 /* Stefanini */,
				C6BEF0592B45DED900E7FAC8 /* StefaniniTests */,
				C6BEF0402B45DD6900E7FAC8 /* Products */,
			);
			sourceTree = "<group>";
		};
		C6BEF0402B45DD6900E7FAC8 /* Products */ = {
			isa = PBXGroup;
			children = (
				C6BEF03F2B45DD6900E7FAC8 /* Stefanini.app */,
				C6BEF0582B45DED900E7FAC8 /* StefaniniTests.xctest */,
			);
			name = Products;
			sourceTree = "<group>";
		};
		C6BEF0412B45DD6900E7FAC8 /* Stefanini */ = {
			isa = PBXGroup;
			children = (
				C6BEF0422B45DD6900E7FAC8 /* StefaniniApp.swift */,
				C6BEF0502B45DD9D00E7FAC8 /* SumOfEvenNumbers.swift */,
				C6BEF0742B45ED9E00E7FAC8 /* Views */,
				C6BEF0732B45ED8000E7FAC8 /* Service */,
				C6BEF0722B45ED6600E7FAC8 /* ViewModels */,
				C6BEF0672B45E87900E7FAC8 /* Models */,
				C6BEF0462B45DD7200E7FAC8 /* Assets.xcassets */,
				C6BEF0482B45DD7200E7FAC8 /* Preview Content */,
			);
			path = Stefanini;
			sourceTree = "<group>";
		};
		C6BEF0482B45DD7200E7FAC8 /* Preview Content */ = {
			isa = PBXGroup;
			children = (
				C6BEF0492B45DD7200E7FAC8 /* Preview Assets.xcassets */,
			);
			path = "Preview Content";
			sourceTree = "<group>";
		};
		C6BEF0592B45DED900E7FAC8 /* StefaniniTests */ = {
			isa = PBXGroup;
			children = (
				C6BEF05A2B45DED900E7FAC8 /* StefaniniTests.swift */,
			);
			path = StefaniniTests;
			sourceTree = "<group>";
		};
		C6BEF0672B45E87900E7FAC8 /* Models */ = {
			isa = PBXGroup;
			children = (
				C6BEF0632B45E84500E7FAC8 /* User.swift */,
			);
			path = Models;
			sourceTree = "<group>";
		};
		C6BEF0722B45ED6600E7FAC8 /* ViewModels */ = {
			isa = PBXGroup;
			children = (
				C6BEF06E2B45EB4E00E7FAC8 /* UsersListViewModel.swift */,
			);
			path = ViewModels;
			sourceTree = "<group>";
		};
		C6BEF0732B45ED8000E7FAC8 /* Service */ = {
			isa = PBXGroup;
			children = (
				C6BEF0682B45E8AB00E7FAC8 /* WebService.swift */,
				C6BEF06C2B45EAC200E7FAC8 /* ErrorCases.swift */,
			);
			path = Service;
			sourceTree = "<group>";
		};
		C6BEF0742B45ED9E00E7FAC8 /* Views */ = {
			isa = PBXGroup;
			children = (
				C6BEF0442B45DD6900E7FAC8 /* GithubUsersListView.swift */,
				C6BEF0702B45EBD900E7FAC8 /* LoaderView.swift */,
			);
			path = Views;
			sourceTree = "<group>";
		};
/* End PBXGroup section */

/* Begin PBXNativeTarget section */
		C6BEF03E2B45DD6900E7FAC8 /* Stefanini */ = {
			isa = PBXNativeTarget;
			buildConfigurationList = C6BEF04D2B45DD7200E7FAC8 /* Build configuration list for PBXNativeTarget "Stefanini" */;
			buildPhases = (
				C6BEF03B2B45DD6900E7FAC8 /* Sources */,
				C6BEF03C2B45DD6900E7FAC8 /* Frameworks */,
				C6BEF03D2B45DD6900E7FAC8 /* Resources */,
			);
			buildRules = (
			);
			dependencies = (
			);
			name = Stefanini;
			productName = Stefanini;
			productReference = C6BEF03F2B45DD6900E7FAC8 /* Stefanini.app */;
			productType = "com.apple.product-type.application";
		};
		C6BEF0572B45DED900E7FAC8 /* StefaniniTests */ = {
			isa = PBXNativeTarget;
			buildConfigurationList = C6BEF05E2B45DED900E7FAC8 /* Build configuration list for PBXNativeTarget "StefaniniTests" */;
			buildPhases = (
				C6BEF0542B45DED900E7FAC8 /* Sources */,
				C6BEF0552B45DED900E7FAC8 /* Frameworks */,
				C6BEF0562B45DED900E7FAC8 /* Resources */,
			);
			buildRules = (
			);
			dependencies = (
				C6BEF05D2B45DED900E7FAC8 /* PBXTargetDependency */,
			);
			name = StefaniniTests;
			productName = StefaniniTests;
			productReference = C6BEF0582B45DED900E7FAC8 /* StefaniniTests.xctest */;
			productType = "com.apple.product-type.bundle.unit-test";
		};
/* End PBXNativeTarget section */

/* Begin PBXProject section */
		C6BEF0372B45DD6900E7FAC8 /* Project object */ = {
			isa = PBXProject;
			attributes = {
				BuildIndependentTargetsInParallel = 1;
				LastSwiftUpdateCheck = 1510;
				LastUpgradeCheck = 1510;
				TargetAttributes = {
					C6BEF03E2B45DD6900E7FAC8 = {
						CreatedOnToolsVersion = 15.1;
					};
					C6BEF0572B45DED900E7FAC8 = {
						CreatedOnToolsVersion = 15.1;
						TestTargetID = C6BEF03E2B45DD6900E7FAC8;
					};
				};
			};
			buildConfigurationList = C6BEF03A2B45DD6900E7FAC8 /* Build configuration list for PBXProject "Stefanini" */;
			compatibilityVersion = "Xcode 14.0";
			developmentRegion = en;
			hasScannedForEncodings = 0;
			knownRegions = (
				en,
				Base,
			);
			mainGroup = C6BEF0362B45DD6900E7FAC8;
			productRefGroup = C6BEF0402B45DD6900E7FAC8 /* Products */;
			projectDirPath = "";
			projectRoot = "";
			targets = (
				C6BEF03E2B45DD6900E7FAC8 /* Stefanini */,
				C6BEF0572B45DED900E7FAC8 /* StefaniniTests */,
			);
		};
/* End PBXProject section */

/* Begin PBXResourcesBuildPhase section */
		C6BEF03D2B45DD6900E7FAC8 /* Resources */ = {
			isa = PBXResourcesBuildPhase;
			buildActionMask = 2147483647;
			files = (
				C6BEF04A2B45DD7200E7FAC8 /* Preview Assets.xcassets in Resources */,
				C6BEF0472B45DD7200E7FAC8 /* Assets.xcassets in Resources */,
			);
			runOnlyForDeploymentPostprocessing = 0;
		};
		C6BEF0562B45DED900E7FAC8 /* Resources */ = {
			isa = PBXResourcesBuildPhase;
			buildActionMask = 2147483647;
			files = (
			);
			runOnlyForDeploymentPostprocessing = 0;
		};
/* End PBXResourcesBuildPhase section */

/* Begin PBXSourcesBuildPhase section */
		C6BEF03B2B45DD6900E7FAC8 /* Sources */ = {
			isa = PBXSourcesBuildPhase;
			buildActionMask = 2147483647;
			files = (
				C6BEF0692B45E8AB00E7FAC8 /* WebService.swift in Sources */,
				C6BEF0642B45E84500E7FAC8 /* User.swift in Sources */,
				C6BEF0452B45DD6900E7FAC8 /* GithubUsersListView.swift in Sources */,
				C6BEF06F2B45EB4E00E7FAC8 /* UsersListViewModel.swift in Sources */,
				C6BEF06D2B45EAC200E7FAC8 /* ErrorCases.swift in Sources */,
				C6BEF0432B45DD6900E7FAC8 /* StefaniniApp.swift in Sources */,
				C6BEF0712B45EBD900E7FAC8 /* LoaderView.swift in Sources */,
				C6BEF0512B45DD9D00E7FAC8 /* SumOfEvenNumbers.swift in Sources */,
			);
			runOnlyForDeploymentPostprocessing = 0;
		};
		C6BEF0542B45DED900E7FAC8 /* Sources */ = {
			isa = PBXSourcesBuildPhase;
			buildActionMask = 2147483647;
			files = (
				C6BEF05B2B45DED900E7FAC8 /* StefaniniTests.swift in Sources */,
			);
			runOnlyForDeploymentPostprocessing = 0;
		};
/* End PBXSourcesBuildPhase section */

/* Begin PBXTargetDependency section */
		C6BEF05D2B45DED900E7FAC8 /* PBXTargetDependency */ = {
			isa = PBXTargetDependency;
			target = C6BEF03E2B45DD6900E7FAC8 /* Stefanini */;
			targetProxy = C6BEF05C2B45DED900E7FAC8 /* PBXContainerItemProxy */;
		};
/* End PBXTargetDependency section */

/* Begin XCBuildConfiguration section */
		C6BEF04B2B45DD7200E7FAC8 /* Debug */ = {
			isa = XCBuildConfiguration;
			buildSettings = {
				ALWAYS_SEARCH_USER_PATHS = NO;
				ASSETCATALOG_COMPILER_GENERATE_SWIFT_ASSET_SYMBOL_EXTENSIONS = YES;
				CLANG_ANALYZER_NONNULL = YES;
				CLANG_ANALYZER_NUMBER_OBJECT_CONVERSION = YES_AGGRESSIVE;
				CLANG_CXX_LANGUAGE_STANDARD = "gnu++20";
				CLANG_ENABLE_MODULES = YES;
				CLANG_ENABLE_OBJC_ARC = YES;
				CLANG_ENABLE_OBJC_WEAK = YES;
				CLANG_WARN_BLOCK_CAPTURE_AUTORELEASING = YES;
				CLANG_WARN_BOOL_CONVERSION = YES;
				CLANG_WARN_COMMA = YES;
				CLANG_WARN_CONSTANT_CONVERSION = YES;
				CLANG_WARN_DEPRECATED_OBJC_IMPLEMENTATIONS = YES;
				CLANG_WARN_DIRECT_OBJC_ISA_USAGE = YES_ERROR;
				CLANG_WARN_DOCUMENTATION_COMMENTS = YES;
				CLANG_WARN_EMPTY_BODY = YES;
				CLANG_WARN_ENUM_CONVERSION = YES;
				CLANG_WARN_INFINITE_RECURSION = YES;
				CLANG_WARN_INT_CONVERSION = YES;
				CLANG_WARN_NON_LITERAL_NULL_CONVERSION = YES;
				CLANG_WARN_OBJC_IMPLICIT_RETAIN_SELF = YES;
				CLANG_WARN_OBJC_LITERAL_CONVERSION = YES;
				CLANG_WARN_OBJC_ROOT_CLASS = YES_ERROR;
				CLANG_WARN_QUOTED_INCLUDE_IN_FRAMEWORK_HEADER = YES;
				CLANG_WARN_RANGE_LOOP_ANALYSIS = YES;
				CLANG_WARN_STRICT_PROTOTYPES = YES;
				CLANG_WARN_SUSPICIOUS_MOVE = YES;
				CLANG_WARN_UNGUARDED_AVAILABILITY = YES_AGGRESSIVE;
				CLANG_WARN_UNREACHABLE_CODE = YES;
				CLANG_WARN__DUPLICATE_METHOD_MATCH = YES;
				COPY_PHASE_STRIP = NO;
				DEBUG_INFORMATION_FORMAT = dwarf;
				ENABLE_STRICT_OBJC_MSGSEND = YES;
				ENABLE_TESTABILITY = YES;
				ENABLE_USER_SCRIPT_SANDBOXING = YES;
				GCC_C_LANGUAGE_STANDARD = gnu17;
				GCC_DYNAMIC_NO_PIC = NO;
				GCC_NO_COMMON_BLOCKS = YES;
				GCC_OPTIMIZATION_LEVEL = 0;
				GCC_PREPROCESSOR_DEFINITIONS = (
					"DEBUG=1",
					"$(inherited)",
				);
				GCC_WARN_64_TO_32_BIT_CONVERSION = YES;
				GCC_WARN_ABOUT_RETURN_TYPE = YES_ERROR;
				GCC_WARN_UNDECLARED_SELECTOR = YES;
				GCC_WARN_UNINITIALIZED_AUTOS = YES_AGGRESSIVE;
				GCC_WARN_UNUSED_FUNCTION = YES;
				GCC_WARN_UNUSED_VARIABLE = YES;
				IPHONEOS_DEPLOYMENT_TARGET = 17.2;
				LOCALIZATION_PREFERS_STRING_CATALOGS = YES;
				MTL_ENABLE_DEBUG_INFO = INCLUDE_SOURCE;
				MTL_FAST_MATH = YES;
				ONLY_ACTIVE_ARCH = YES;
				SDKROOT = iphoneos;
				SWIFT_ACTIVE_COMPILATION_CONDITIONS = "DEBUG $(inherited)";
				SWIFT_OPTIMIZATION_LEVEL = "-Onone";
			};
			name = Debug;
		};
		C6BEF04C2B45DD7200E7FAC8 /* Release */ = {
			isa = XCBuildConfiguration;
			buildSettings = {
				ALWAYS_SEARCH_USER_PATHS = NO;
				ASSETCATALOG_COMPILER_GENERATE_SWIFT_ASSET_SYMBOL_EXTENSIONS = YES;
				CLANG_ANALYZER_NONNULL = YES;
				CLANG_ANALYZER_NUMBER_OBJECT_CONVERSION = YES_AGGRESSIVE;
				CLANG_CXX_LANGUAGE_STANDARD = "gnu++20";
				CLANG_ENABLE_MODULES = YES;
				CLANG_ENABLE_OBJC_ARC = YES;
				CLANG_ENABLE_OBJC_WEAK = YES;
				CLANG_WARN_BLOCK_CAPTURE_AUTORELEASING = YES;
				CLANG_WARN_BOOL_CONVERSION = YES;
				CLANG_WARN_COMMA = YES;
				CLANG_WARN_CONSTANT_CONVERSION = YES;
				CLANG_WARN_DEPRECATED_OBJC_IMPLEMENTATIONS = YES;
				CLANG_WARN_DIRECT_OBJC_ISA_USAGE = YES_ERROR;
				CLANG_WARN_DOCUMENTATION_COMMENTS = YES;
				CLANG_WARN_EMPTY_BODY = YES;
				CLANG_WARN_ENUM_CONVERSION = YES;
				CLANG_WARN_INFINITE_RECURSION = YES;
				CLANG_WARN_INT_CONVERSION = YES;
				CLANG_WARN_NON_LITERAL_NULL_CONVERSION = YES;
				CLANG_WARN_OBJC_IMPLICIT_RETAIN_SELF = YES;
				CLANG_WARN_OBJC_LITERAL_CONVERSION = YES;
				CLANG_WARN_OBJC_ROOT_CLASS = YES_ERROR;
				CLANG_WARN_QUOTED_INCLUDE_IN_FRAMEWORK_HEADER = YES;
				CLANG_WARN_RANGE_LOOP_ANALYSIS = YES;
				CLANG_WARN_STRICT_PROTOTYPES = YES;
				CLANG_WARN_SUSPICIOUS_MOVE = YES;
				CLANG_WARN_UNGUARDED_AVAILABILITY = YES_AGGRESSIVE;
				CLANG_WARN_UNREACHABLE_CODE = YES;
				CLANG_WARN__DUPLICATE_METHOD_MATCH = YES;
				COPY_PHASE_STRIP = NO;
				DEBUG_INFORMATION_FORMAT = "dwarf-with-dsym";
				ENABLE_NS_ASSERTIONS = NO;
				ENABLE_STRICT_OBJC_MSGSEND = YES;
				ENABLE_USER_SCRIPT_SANDBOXING = YES;
				GCC_C_LANGUAGE_STANDARD = gnu17;
				GCC_NO_COMMON_BLOCKS = YES;
				GCC_WARN_64_TO_32_BIT_CONVERSION = YES;
				GCC_WARN_ABOUT_RETURN_TYPE = YES_ERROR;
				GCC_WARN_UNDECLARED_SELECTOR = YES;
				GCC_WARN_UNINITIALIZED_AUTOS = YES_AGGRESSIVE;
				GCC_WARN_UNUSED_FUNCTION = YES;
				GCC_WARN_UNUSED_VARIABLE = YES;
				IPHONEOS_DEPLOYMENT_TARGET = 17.2;
				LOCALIZATION_PREFERS_STRING_CATALOGS = YES;
				MTL_ENABLE_DEBUG_INFO = NO;
				MTL_FAST_MATH = YES;
				SDKROOT = iphoneos;
				SWIFT_COMPILATION_MODE = wholemodule;
				VALIDATE_PRODUCT = YES;
			};
			name = Release;
		};
		C6BEF04E2B45DD7200E7FAC8 /* Debug */ = {
			isa = XCBuildConfiguration;
			buildSettings = {
				ASSETCATALOG_COMPILER_APPICON_NAME = AppIcon;
				ASSETCATALOG_COMPILER_GLOBAL_ACCENT_COLOR_NAME = AccentColor;
				CODE_SIGN_STYLE = Automatic;
				CURRENT_PROJECT_VERSION = 1;
				DEVELOPMENT_ASSET_PATHS = "\"Stefanini/Preview Content\"";
				DEVELOPMENT_TEAM = T2Q4YR3P44;
				ENABLE_PREVIEWS = YES;
				GENERATE_INFOPLIST_FILE = YES;
				INFOPLIST_KEY_UIApplicationSceneManifest_Generation = YES;
				INFOPLIST_KEY_UIApplicationSupportsIndirectInputEvents = YES;
				INFOPLIST_KEY_UILaunchScreen_Generation = YES;
				INFOPLIST_KEY_UISupportedInterfaceOrientations_iPad = "UIInterfaceOrientationPortrait UIInterfaceOrientationPortraitUpsideDown UIInterfaceOrientationLandscapeLeft UIInterfaceOrientationLandscapeRight";
				INFOPLIST_KEY_UISupportedInterfaceOrientations_iPhone = "UIInterfaceOrientationPortrait UIInterfaceOrientationLandscapeLeft UIInterfaceOrientationLandscapeRight";
				LD_RUNPATH_SEARCH_PATHS = (
					"$(inherited)",
					"@executable_path/Frameworks",
				);
				MARKETING_VERSION = 1.0;
				PRODUCT_BUNDLE_IDENTIFIER = mx.datafox.Stefanini;
				PRODUCT_NAME = "$(TARGET_NAME)";
				SWIFT_EMIT_LOC_STRINGS = YES;
				SWIFT_VERSION = 5.0;
				TARGETED_DEVICE_FAMILY = "1,2";
			};
			name = Debug;
		};
		C6BEF04F2B45DD7200E7FAC8 /* Release */ = {
			isa = XCBuildConfiguration;
			buildSettings = {
				ASSETCATALOG_COMPILER_APPICON_NAME = AppIcon;
				ASSETCATALOG_COMPILER_GLOBAL_ACCENT_COLOR_NAME = AccentColor;
				CODE_SIGN_STYLE = Automatic;
				CURRENT_PROJECT_VERSION = 1;
				DEVELOPMENT_ASSET_PATHS = "\"Stefanini/Preview Content\"";
				DEVELOPMENT_TEAM = T2Q4YR3P44;
				ENABLE_PREVIEWS = YES;
				GENERATE_INFOPLIST_FILE = YES;
				INFOPLIST_KEY_UIApplicationSceneManifest_Generation = YES;
				INFOPLIST_KEY_UIApplicationSupportsIndirectInputEvents = YES;
				INFOPLIST_KEY_UILaunchScreen_Generation = YES;
				INFOPLIST_KEY_UISupportedInterfaceOrientations_iPad = "UIInterfaceOrientationPortrait UIInterfaceOrientationPortraitUpsideDown UIInterfaceOrientationLandscapeLeft UIInterfaceOrientationLandscapeRight";
				INFOPLIST_KEY_UISupportedInterfaceOrientations_iPhone = "UIInterfaceOrientationPortrait UIInterfaceOrientationLandscapeLeft UIInterfaceOrientationLandscapeRight";
				LD_RUNPATH_SEARCH_PATHS = (
					"$(inherited)",
					"@executable_path/Frameworks",
				);
				MARKETING_VERSION = 1.0;
				PRODUCT_BUNDLE_IDENTIFIER = mx.datafox.Stefanini;
				PRODUCT_NAME = "$(TARGET_NAME)";
				SWIFT_EMIT_LOC_STRINGS = YES;
				SWIFT_VERSION = 5.0;
				TARGETED_DEVICE_FAMILY = "1,2";
			};
			name = Release;
		};
		C6BEF05F2B45DED900E7FAC8 /* Debug */ = {
			isa = XCBuildConfiguration;
			buildSettings = {
				BUNDLE_LOADER = "$(TEST_HOST)";
				CODE_SIGN_STYLE = Automatic;
				CURRENT_PROJECT_VERSION = 1;
				DEVELOPMENT_TEAM = T2Q4YR3P44;
				GENERATE_INFOPLIST_FILE = YES;
				MARKETING_VERSION = 1.0;
				PRODUCT_BUNDLE_IDENTIFIER = mx.datafox.StefaniniTests;
				PRODUCT_NAME = "$(TARGET_NAME)";
				SWIFT_EMIT_LOC_STRINGS = NO;
				SWIFT_VERSION = 5.0;
				TARGETED_DEVICE_FAMILY = "1,2";
				TEST_HOST = "$(BUILT_PRODUCTS_DIR)/Stefanini.app/$(BUNDLE_EXECUTABLE_FOLDER_PATH)/Stefanini";
			};
			name = Debug;
		};
		C6BEF0602B45DED900E7FAC8 /* Release */ = {
			isa = XCBuildConfiguration;
			buildSettings = {
				BUNDLE_LOADER = "$(TEST_HOST)";
				CODE_SIGN_STYLE = Automatic;
				CURRENT_PROJECT_VERSION = 1;
				DEVELOPMENT_TEAM = T2Q4YR3P44;
				GENERATE_INFOPLIST_FILE = YES;
				MARKETING_VERSION = 1.0;
				PRODUCT_BUNDLE_IDENTIFIER = mx.datafox.StefaniniTests;
				PRODUCT_NAME = "$(TARGET_NAME)";
				SWIFT_EMIT_LOC_STRINGS = NO;
				SWIFT_VERSION = 5.0;
				TARGETED_DEVICE_FAMILY = "1,2";
				TEST_HOST = "$(BUILT_PRODUCTS_DIR)/Stefanini.app/$(BUNDLE_EXECUTABLE_FOLDER_PATH)/Stefanini";
			};
			name = Release;
		};
/* End XCBuildConfiguration section */

/* Begin XCConfigurationList section */
		C6BEF03A2B45DD6900E7FAC8 /* Build configuration list for PBXProject "Stefanini" */ = {
			isa = XCConfigurationList;
			buildConfigurations = (
				C6BEF04B2B45DD7200E7FAC8 /* Debug */,
				C6BEF04C2B45DD7200E7FAC8 /* Release */,
			);
			defaultConfigurationIsVisible = 0;
			defaultConfigurationName = Release;
		};
		C6BEF04D2B45DD7200E7FAC8 /* Build configuration list for PBXNativeTarget "Stefanini" */ = {
			isa = XCConfigurationList;
			buildConfigurations = (
				C6BEF04E2B45DD7200E7FAC8 /* Debug */,
				C6BEF04F2B45DD7200E7FAC8 /* Release */,
			);
			defaultConfigurationIsVisible = 0;
			defaultConfigurationName = Release;
		};
		C6BEF05E2B45DED900E7FAC8 /* Build configuration list for PBXNativeTarget "StefaniniTests" */ = {
			isa = XCConfigurationList;
			buildConfigurations = (
				C6BEF05F2B45DED900E7FAC8 /* Debug */,
				C6BEF0602B45DED900E7FAC8 /* Release */,
			);
			defaultConfigurationIsVisible = 0;
			defaultConfigurationName = Release;
		};
/* End XCConfigurationList section */
	};
	rootObject = C6BEF0372B45DD6900E7FAC8 /* Project object */;
}
